
Microsoft Visual Studio Solution File, Format Version 12.00
# Visual Studio 2012
Project("{FAE04EC0-301F-11D3-BF4B-00C04F79EFBC}") = "NotifierService", "NotifierService\NotifierService.csproj", "{59C150D0-0970-4949-BDAB-CE7E682127BB}"
EndProject
Project("{FAE04EC0-301F-11D3-BF4B-00C04F79EFBC}") = "Notification", "Notification\Notification.csproj", "{AAFB17CB-5359-403C-981F-0021076A74C9}"
EndProject
Project("{FAE04EC0-301F-11D3-BF4B-00C04F79EFBC}") = "WindowsFormsApplication1", "WindowsFormsApplication1\WindowsFormsApplication1.csproj", "{D83E0FA2-386A-4260-967C-C87F373EB957}"
EndProject
Project("{FAE04EC0-301F-11D3-BF4B-00C04F79EFBC}") = "ProtectNotificationConfig", "ProtectNotificationConfig\ProtectNotificationConfig.csproj", "{3548708A-5685-437D-9B39-3A7BF4A5DF2E}"
EndProject
Global
	GlobalSection(SolutionConfigurationPlatforms) = preSolution
		Debug|Any CPU = Debug|Any CPU
		Release|Any CPU = Release|Any CPU
	EndGlobalSection
	GlobalSection(ProjectConfigurationPlatforms) = postSolution
		{59C150D0-0970-4949-BDAB-CE7E682127BB}.Debug|Any CPU.ActiveCfg = Debug|Any CPU
		{59C150D0-0970-4949-BDAB-CE7E682127BB}.Debug|Any CPU.Build.0 = Debug|Any CPU
		{59C150D0-0970-4949-BDAB-CE7E682127BB}.Release|Any CPU.ActiveCfg = Release|Any CPU
		{59C150D0-0970-4949-BDAB-CE7E682127BB}.Release|Any CPU.Build.0 = Release|Any CPU
		{AAFB17CB-5359-403C-981F-0021076A74C9}.Debug|Any CPU.ActiveCfg = Debug|Any CPU
		{AAFB17CB-5359-403C-981F-0021076A74C9}.Debug|Any CPU.Build.0 = Debug|Any CPU
		{AAFB17CB-5359-403C-981F-0021076A74C9}.Release|Any CPU.ActiveCfg = Release|Any CPU
		{AAFB17CB-5359-403C-981F-0021076A74C9}.Release|Any CPU.Build.0 = Release|Any CPU
		{D83E0FA2-386A-4260-967C-C87F373EB957}.Debug|Any CPU.ActiveCfg = Debug|Any CPU
		{D83E0FA2-386A-4260-967C-C87F373EB957}.Debug|Any CPU.Build.0 = Debug|Any CPU
		{D83E0FA2-386A-4260-967C-C87F373EB957}.Release|Any CPU.ActiveCfg = Release|Any CPU
		{D83E0FA2-386A-4260-967C-C87F373EB957}.Release|Any CPU.Build.0 = Release|Any CPU
		{3548708A-5685-437D-9B39-3A7BF4A5DF2E}.Debug|Any CPU.ActiveCfg = Debug|Any CPU
		{3548708A-5685-437D-9B39-3A7BF4A5DF2E}.Debug|Any CPU.Build.0 = Debug|Any CPU
		{3548708A-5685-437D-9B39-3A7BF4A5DF2E}.Release|Any CPU.ActiveCfg = Release|Any CPU
		{3548708A-5685-437D-9B39-3A7BF4A5DF2E}.Release|Any CPU.Build.0 = Release|Any CPU
	EndGlobalSection
	GlobalSection(SolutionProperties) = preSolution
		HideSolutionNode = FALSE
	EndGlobalSection
EndGlobal
